
Microsoft Visual Studio Solution File, Format Version 12.00
# Visual Studio Version 17
VisualStudioVersion = 17.6.33620.401
MinimumVisualStudioVersion = 10.0.40219.1
Project("{FAE04EC0-301F-11D3-BF4B-00C04F79EFBC}") = "ParticleCollisionSimulation", "ParticleCollisionSimulation\ParticleCollisionSimulation.csproj", "{02CA552E-CB1D-4332-A637-E49BA7E3D806}"
EndProject
Project("{2150E333-8FDC-42A3-9474-1A3956D46DE8}") = "Solution Items", "Solution Items", "{DC6EA2CF-B7C6-46C5-ABA8-88879A0D1369}"
	ProjectSection(SolutionItems) = preProject
		.editorconfig = .editorconfig
	EndProjectSection
EndProject
Global
	GlobalSection(SolutionConfigurationPlatforms) = preSolution
		Debug|Any CPU = Debug|Any CPU
		Release|Any CPU = Release|Any CPU
	EndGlobalSection
	GlobalSection(ProjectConfigurationPlatforms) = postSolution
		{02CA552E-CB1D-4332-A637-E49BA7E3D806}.Debug|Any CPU.ActiveCfg = Debug|Any CPU
		{02CA552E-CB1D-4332-A637-E49BA7E3D806}.Debug|Any CPU.Build.0 = Debug|Any CPU
		{02CA552E-CB1D-4332-A637-E49BA7E3D806}.Release|Any CPU.ActiveCfg = Release|Any CPU
		{02CA552E-CB1D-4332-A637-E49BA7E3D806}.Release|Any CPU.Build.0 = Release|Any CPU
	EndGlobalSection
	GlobalSection(SolutionProperties) = preSolution
		HideSolutionNode = FALSE
	EndGlobalSection
	GlobalSection(ExtensibilityGlobals) = postSolution
		SolutionGuid = {2696670F-F25F-4395-86FE-8BA75918A3EE}
	EndGlobalSection
EndGlobal
